// !$*UTF8*$!
{
	archiveVersion = 1;
	classes = {
	};
	objectVersion = 46;
	objects = {

/* Begin PBXBuildFile section */
		D0003ED31ACE4215009ADBF2 /* Foundation.framework in Frameworks */ = {isa = PBXBuildFile; fileRef = D0003ED21ACE4215009ADBF2 /* Foundation.framework */; };
		D00810C71ACD2E1F0071083E /* JSONKit.m in Sources */ = {isa = PBXBuildFile; fileRef = D00810C61ACD2E1F0071083E /* JSONKit.m */; settings = {COMPILER_FLAGS = "-fno-objc-arc"; }; };
		D00810CB1ACD31F40071083E /* Base64.m in Sources */ = {isa = PBXBuildFile; fileRef = D00810CA1ACD31F40071083E /* Base64.m */; };
		D00810CF1ACD36A30071083E /* NSString+MD5.m in Sources */ = {isa = PBXBuildFile; fileRef = D00810CE1ACD36A30071083E /* NSString+MD5.m */; };
		D03D69E91AD2886300E85A4D /* 3.jpg in Resources */ = {isa = PBXBuildFile; fileRef = D03D69E61AD2886300E85A4D /* 3.jpg */; };
		D03D69EA1AD2886300E85A4D /* 2.jpg in Resources */ = {isa = PBXBuildFile; fileRef = D03D69E71AD2886300E85A4D /* 2.jpg */; };
		D03D69EB1AD2886300E85A4D /* 1.jpg in Resources */ = {isa = PBXBuildFile; fileRef = D03D69E81AD2886300E85A4D /* 1.jpg */; };
		D05ABF161AD4E1BB00DCC1C3 /* PlayerView.xib in Resources */ = {isa = PBXBuildFile; fileRef = D05ABF151AD4E1BB00DCC1C3 /* PlayerView.xib */; };
		D05ABF1A1AD4E9BD00DCC1C3 /* skip.png in Resources */ = {isa = PBXBuildFile; fileRef = D05ABF171AD4E9BD00DCC1C3 /* skip.png */; };
		D05ABF1B1AD4E9BD00DCC1C3 /* play.png in Resources */ = {isa = PBXBuildFile; fileRef = D05ABF181AD4E9BD00DCC1C3 /* play.png */; };
		D05ABF1C1AD4E9BD00DCC1C3 /* back.png in Resources */ = {isa = PBXBuildFile; fileRef = D05ABF191AD4E9BD00DCC1C3 /* back.png */; };
		D05ABF1E1AD4EBBC00DCC1C3 /* music.png in Resources */ = {isa = PBXBuildFile; fileRef = D05ABF1D1AD4EBBC00DCC1C3 /* music.png */; };
		D05ABF201AD66CA400DCC1C3 /* VideoHotViewController.swift in Sources */ = {isa = PBXBuildFile; fileRef = D05ABF1F1AD66CA400DCC1C3 /* VideoHotViewController.swift */; };
		D074B4891AD7895500463D3B /* VideoModel.swift in Sources */ = {isa = PBXBuildFile; fileRef = D074B4881AD7895500463D3B /* VideoModel.swift */; };
		D074B48B1AD7C41400463D3B /* VideoPlayerViewController.swift in Sources */ = {isa = PBXBuildFile; fileRef = D074B48A1AD7C41400463D3B /* VideoPlayerViewController.swift */; };
		D074B48F1ADB7AD500463D3B /* SMSegment.swift in Sources */ = {isa = PBXBuildFile; fileRef = D074B48D1ADB7AD500463D3B /* SMSegment.swift */; };
		D074B4901ADB7AD500463D3B /* SMSegmentView.swift in Sources */ = {isa = PBXBuildFile; fileRef = D074B48E1ADB7AD500463D3B /* SMSegmentView.swift */; };
		D074B4941ADB801500463D3B /* SingerInfoView.swift in Sources */ = {isa = PBXBuildFile; fileRef = D074B4931ADB801500463D3B /* SingerInfoView.swift */; };
		D074B4991ADBC16A00463D3B /* HTMLtoSTRING.swift in Sources */ = {isa = PBXBuildFile; fileRef = D074B4981ADBC16A00463D3B /* HTMLtoSTRING.swift */; };
		D074B4BD1ADBC5B700463D3B /* MKAnnotationView+WebCache.m in Sources */ = {isa = PBXBuildFile; fileRef = D074B49D1ADBC5B700463D3B /* MKAnnotationView+WebCache.m */; };
		D074B4BE1ADBC5B700463D3B /* NSData+ImageContentType.m in Sources */ = {isa = PBXBuildFile; fileRef = D074B49F1ADBC5B700463D3B /* NSData+ImageContentType.m */; };
		D074B4BF1ADBC5B700463D3B /* SDImageCache.m in Sources */ = {isa = PBXBuildFile; fileRef = D074B4A11ADBC5B700463D3B /* SDImageCache.m */; };
		D074B4C01ADBC5B700463D3B /* SDWebImageCompat.m in Sources */ = {isa = PBXBuildFile; fileRef = D074B4A31ADBC5B700463D3B /* SDWebImageCompat.m */; };
		D074B4C11ADBC5B700463D3B /* SDWebImageDecoder.m in Sources */ = {isa = PBXBuildFile; fileRef = D074B4A51ADBC5B700463D3B /* SDWebImageDecoder.m */; };
		D074B4C21ADBC5B700463D3B /* SDWebImageDownloader.m in Sources */ = {isa = PBXBuildFile; fileRef = D074B4A71ADBC5B700463D3B /* SDWebImageDownloader.m */; };
		D074B4C31ADBC5B700463D3B /* SDWebImageDownloaderOperation.m in Sources */ = {isa = PBXBuildFile; fileRef = D074B4A91ADBC5B700463D3B /* SDWebImageDownloaderOperation.m */; };
		D074B4C41ADBC5B700463D3B /* SDWebImageManager.m in Sources */ = {isa = PBXBuildFile; fileRef = D074B4AB1ADBC5B700463D3B /* SDWebImageManager.m */; };
		D074B4C51ADBC5B700463D3B /* SDWebImagePrefetcher.m in Sources */ = {isa = PBXBuildFile; fileRef = D074B4AE1ADBC5B700463D3B /* SDWebImagePrefetcher.m */; };
		D074B4C61ADBC5B700463D3B /* UIButton+WebCache.m in Sources */ = {isa = PBXBuildFile; fileRef = D074B4B01ADBC5B700463D3B /* UIButton+WebCache.m */; };
		D074B4C71ADBC5B700463D3B /* UIImage+GIF.m in Sources */ = {isa = PBXBuildFile; fileRef = D074B4B21ADBC5B700463D3B /* UIImage+GIF.m */; };
		D074B4C81ADBC5B700463D3B /* UIImage+MultiFormat.m in Sources */ = {isa = PBXBuildFile; fileRef = D074B4B41ADBC5B700463D3B /* UIImage+MultiFormat.m */; };
		D074B4C91ADBC5B700463D3B /* UIImage+WebP.m in Sources */ = {isa = PBXBuildFile; fileRef = D074B4B61ADBC5B700463D3B /* UIImage+WebP.m */; };
		D074B4CA1ADBC5B700463D3B /* UIImageView+HighlightedWebCache.m in Sources */ = {isa = PBXBuildFile; fileRef = D074B4B81ADBC5B700463D3B /* UIImageView+HighlightedWebCache.m */; };
		D074B4CB1ADBC5B700463D3B /* UIImageView+WebCache.m in Sources */ = {isa = PBXBuildFile; fileRef = D074B4BA1ADBC5B700463D3B /* UIImageView+WebCache.m */; };
		D074B4CC1ADBC5B700463D3B /* UIView+WebCacheOperation.m in Sources */ = {isa = PBXBuildFile; fileRef = D074B4BC1ADBC5B700463D3B /* UIView+WebCacheOperation.m */; };
		D074B4CE1ADD05B900463D3B /* minsize.png in Resources */ = {isa = PBXBuildFile; fileRef = D074B4CD1ADD05B900463D3B /* minsize.png */; };
		D094FEF81ACA8EC0006C7163 /* homepageCell.swift in Sources */ = {isa = PBXBuildFile; fileRef = D094FEF71ACA8EC0006C7163 /* homepageCell.swift */; };
		D0A5EF7B1ACA59DE00354B7F /* AppDelegate.swift in Sources */ = {isa = PBXBuildFile; fileRef = D0A5EF7A1ACA59DE00354B7F /* AppDelegate.swift */; };
		D0A5EF7E1ACA59DE00354B7F /* iNhac.xcdatamodeld in Sources */ = {isa = PBXBuildFile; fileRef = D0A5EF7C1ACA59DE00354B7F /* iNhac.xcdatamodeld */; };
		D0A5EF801ACA59DE00354B7F /* HomeController.swift in Sources */ = {isa = PBXBuildFile; fileRef = D0A5EF7F1ACA59DE00354B7F /* HomeController.swift */; };
		D0A5EF831ACA59DE00354B7F /* Main.storyboard in Resources */ = {isa = PBXBuildFile; fileRef = D0A5EF811ACA59DE00354B7F /* Main.storyboard */; };
		D0A5EF851ACA59DE00354B7F /* Images.xcassets in Resources */ = {isa = PBXBuildFile; fileRef = D0A5EF841ACA59DE00354B7F /* Images.xcassets */; };
		D0A5EF881ACA59DE00354B7F /* LaunchScreen.xib in Resources */ = {isa = PBXBuildFile; fileRef = D0A5EF861ACA59DE00354B7F /* LaunchScreen.xib */; };
		D0A5EF941ACA59DE00354B7F /* iNhacTests.swift in Sources */ = {isa = PBXBuildFile; fileRef = D0A5EF931ACA59DE00354B7F /* iNhacTests.swift */; };
		D0A5EFB61ACA5F3F00354B7F /* AFHTTPRequestOperation.m in Sources */ = {isa = PBXBuildFile; fileRef = D0A5EFA41ACA5F3F00354B7F /* AFHTTPRequestOperation.m */; };
		D0A5EFB71ACA5F3F00354B7F /* AFHTTPRequestOperationManager.m in Sources */ = {isa = PBXBuildFile; fileRef = D0A5EFA61ACA5F3F00354B7F /* AFHTTPRequestOperationManager.m */; };
		D0A5EFB81ACA5F3F00354B7F /* AFHTTPSessionManager.m in Sources */ = {isa = PBXBuildFile; fileRef = D0A5EFA81ACA5F3F00354B7F /* AFHTTPSessionManager.m */; };
		D0A5EFB91ACA5F3F00354B7F /* AFNetworkReachabilityManager.m in Sources */ = {isa = PBXBuildFile; fileRef = D0A5EFAB1ACA5F3F00354B7F /* AFNetworkReachabilityManager.m */; };
		D0A5EFBA1ACA5F3F00354B7F /* AFSecurityPolicy.m in Sources */ = {isa = PBXBuildFile; fileRef = D0A5EFAD1ACA5F3F00354B7F /* AFSecurityPolicy.m */; };
		D0A5EFBB1ACA5F3F00354B7F /* AFURLConnectionOperation.m in Sources */ = {isa = PBXBuildFile; fileRef = D0A5EFAF1ACA5F3F00354B7F /* AFURLConnectionOperation.m */; };
		D0A5EFBC1ACA5F3F00354B7F /* AFURLRequestSerialization.m in Sources */ = {isa = PBXBuildFile; fileRef = D0A5EFB11ACA5F3F00354B7F /* AFURLRequestSerialization.m */; };
		D0A5EFBD1ACA5F3F00354B7F /* AFURLResponseSerialization.m in Sources */ = {isa = PBXBuildFile; fileRef = D0A5EFB31ACA5F3F00354B7F /* AFURLResponseSerialization.m */; };
		D0A5EFBE1ACA5F3F00354B7F /* AFURLSessionManager.m in Sources */ = {isa = PBXBuildFile; fileRef = D0A5EFB51ACA5F3F00354B7F /* AFURLSessionManager.m */; };
		D0A5EFD11ACA5F6C00354B7F /* AFNetworkActivityIndicatorManager.m in Sources */ = {isa = PBXBuildFile; fileRef = D0A5EFC11ACA5F6C00354B7F /* AFNetworkActivityIndicatorManager.m */; };
		D0A5EFD21ACA5F6C00354B7F /* UIActivityIndicatorView+AFNetworking.m in Sources */ = {isa = PBXBuildFile; fileRef = D0A5EFC31ACA5F6C00354B7F /* UIActivityIndicatorView+AFNetworking.m */; };
		D0A5EFD31ACA5F6C00354B7F /* UIAlertView+AFNetworking.m in Sources */ = {isa = PBXBuildFile; fileRef = D0A5EFC51ACA5F6C00354B7F /* UIAlertView+AFNetworking.m */; };
		D0A5EFD41ACA5F6C00354B7F /* UIButton+AFNetworking.m in Sources */ = {isa = PBXBuildFile; fileRef = D0A5EFC71ACA5F6C00354B7F /* UIButton+AFNetworking.m */; };
		D0A5EFD51ACA5F6C00354B7F /* UIImageView+AFNetworking.m in Sources */ = {isa = PBXBuildFile; fileRef = D0A5EFC91ACA5F6C00354B7F /* UIImageView+AFNetworking.m */; };
		D0A5EFD61ACA5F6C00354B7F /* UIProgressView+AFNetworking.m in Sources */ = {isa = PBXBuildFile; fileRef = D0A5EFCC1ACA5F6C00354B7F /* UIProgressView+AFNetworking.m */; };
		D0A5EFD71ACA5F6C00354B7F /* UIRefreshControl+AFNetworking.m in Sources */ = {isa = PBXBuildFile; fileRef = D0A5EFCE1ACA5F6C00354B7F /* UIRefreshControl+AFNetworking.m */; };
		D0A5EFD81ACA5F6C00354B7F /* UIWebView+AFNetworking.m in Sources */ = {isa = PBXBuildFile; fileRef = D0A5EFD01ACA5F6C00354B7F /* UIWebView+AFNetworking.m */; };
		D0C084921AD37C3B00B68903 /* UIColor+flat.m in Sources */ = {isa = PBXBuildFile; fileRef = D0C084911AD37C3B00B68903 /* UIColor+flat.m */; };
		D0C084971AD37C7500B68903 /* FeSpinnerTenDot.m in Sources */ = {isa = PBXBuildFile; fileRef = D0C084941AD37C7500B68903 /* FeSpinnerTenDot.m */; };
		D0C084981AD37C7500B68903 /* FeTenDot.m in Sources */ = {isa = PBXBuildFile; fileRef = D0C084961AD37C7500B68903 /* FeTenDot.m */; };
		D0C0849B1AD37EEE00B68903 /* FXBlurView.m in Sources */ = {isa = PBXBuildFile; fileRef = D0C0849A1AD37EEE00B68903 /* FXBlurView.m */; };
		D0C0849D1AD3B1B200B68903 /* QuartzCore.framework in Frameworks */ = {isa = PBXBuildFile; fileRef = D0C0849C1AD3B1B200B68903 /* QuartzCore.framework */; };
		D0C0849F1AD3B1FE00B68903 /* CoreGraphics.framework in Frameworks */ = {isa = PBXBuildFile; fileRef = D0C0849E1AD3B1FE00B68903 /* CoreGraphics.framework */; };
		D0C084A11AD3B20500B68903 /* UIKit.framework in Frameworks */ = {isa = PBXBuildFile; fileRef = D0C084A01AD3B20500B68903 /* UIKit.framework */; };
		D0C084A71AD3EB5000B68903 /* PlayerView.swift in Sources */ = {isa = PBXBuildFile; fileRef = D0C084A61AD3EB5000B68903 /* PlayerView.swift */; };
		D0C39CCC1AD6722F00B4D097 /* SongHotViewController.swift in Sources */ = {isa = PBXBuildFile; fileRef = D0C39CCB1AD6722F00B4D097 /* SongHotViewController.swift */; };
		D0C39CCE1AD6723C00B4D097 /* AlbumHotViewController.swift in Sources */ = {isa = PBXBuildFile; fileRef = D0C39CCD1AD6723C00B4D097 /* AlbumHotViewController.swift */; };
		D0DF808A1AD690380059E7E0 /* VideoTableViewCell.swift in Sources */ = {isa = PBXBuildFile; fileRef = D0DF80891AD690380059E7E0 /* VideoTableViewCell.swift */; };
		D0DF808C1AD692440059E7E0 /* defaultImage.png in Resources */ = {isa = PBXBuildFile; fileRef = D0DF808B1AD692440059E7E0 /* defaultImage.png */; };
/* End PBXBuildFile section */

/* Begin PBXContainerItemProxy section */
		D0A5EF8E1ACA59DE00354B7F /* PBXContainerItemProxy */ = {
			isa = PBXContainerItemProxy;
			containerPortal = D0A5EF6D1ACA59DE00354B7F /* Project object */;
			proxyType = 1;
			remoteGlobalIDString = D0A5EF741ACA59DE00354B7F;
			remoteInfo = iNhac;
		};
/* End PBXContainerItemProxy section */

/* Begin PBXFileReference section */
		D0003ED21ACE4215009ADBF2 /* Foundation.framework */ = {isa = PBXFileReference; lastKnownFileType = wrapper.framework; name = Foundation.framework; path = System/Library/Frameworks/Foundation.framework; sourceTree = SDKROOT; };
		D00810C51ACD2E1F0071083E /* JSONKit.h */ = {isa = PBXFileReference; fileEncoding = 4; lastKnownFileType = sourcecode.c.h; path = JSONKit.h; sourceTree = "<group>"; };
		D00810C61ACD2E1F0071083E /* JSONKit.m */ = {isa = PBXFileReference; fileEncoding = 4; lastKnownFileType = sourcecode.c.objc; path = JSONKit.m; sourceTree = "<group>"; };
		D00810C91ACD31F40071083E /* Base64.h */ = {isa = PBXFileReference; fileEncoding = 4; lastKnownFileType = sourcecode.c.h; path = Base64.h; sourceTree = "<group>"; };
		D00810CA1ACD31F40071083E /* Base64.m */ = {isa = PBXFileReference; fileEncoding = 4; lastKnownFileType = sourcecode.c.objc; path = Base64.m; sourceTree = "<group>"; };
		D00810CD1ACD36A30071083E /* NSString+MD5.h */ = {isa = PBXFileReference; fileEncoding = 4; lastKnownFileType = sourcecode.c.h; path = "NSString+MD5.h"; sourceTree = "<group>"; };
		D00810CE1ACD36A30071083E /* NSString+MD5.m */ = {isa = PBXFileReference; fileEncoding = 4; lastKnownFileType = sourcecode.c.objc; path = "NSString+MD5.m"; sourceTree = "<group>"; };
		D03D69E61AD2886300E85A4D /* 3.jpg */ = {isa = PBXFileReference; lastKnownFileType = image.jpeg; path = 3.jpg; sourceTree = "<group>"; };
		D03D69E71AD2886300E85A4D /* 2.jpg */ = {isa = PBXFileReference; lastKnownFileType = image.jpeg; path = 2.jpg; sourceTree = "<group>"; };
		D03D69E81AD2886300E85A4D /* 1.jpg */ = {isa = PBXFileReference; lastKnownFileType = image.jpeg; path = 1.jpg; sourceTree = "<group>"; };
		D05ABF151AD4E1BB00DCC1C3 /* PlayerView.xib */ = {isa = PBXFileReference; fileEncoding = 4; lastKnownFileType = file.xib; path = PlayerView.xib; sourceTree = "<group>"; };
		D05ABF171AD4E9BD00DCC1C3 /* skip.png */ = {isa = PBXFileReference; lastKnownFileType = image.png; path = skip.png; sourceTree = "<group>"; };
		D05ABF181AD4E9BD00DCC1C3 /* play.png */ = {isa = PBXFileReference; lastKnownFileType = image.png; path = play.png; sourceTree = "<group>"; };
		D05ABF191AD4E9BD00DCC1C3 /* back.png */ = {isa = PBXFileReference; lastKnownFileType = image.png; path = back.png; sourceTree = "<group>"; };
		D05ABF1D1AD4EBBC00DCC1C3 /* music.png */ = {isa = PBXFileReference; lastKnownFileType = image.png; path = music.png; sourceTree = "<group>"; };
		D05ABF1F1AD66CA400DCC1C3 /* VideoHotViewController.swift */ = {isa = PBXFileReference; fileEncoding = 4; lastKnownFileType = sourcecode.swift; path = VideoHotViewController.swift; sourceTree = "<group>"; };
		D074B4881AD7895500463D3B /* VideoModel.swift */ = {isa = PBXFileReference; fileEncoding = 4; lastKnownFileType = sourcecode.swift; path = VideoModel.swift; sourceTree = "<group>"; };
		D074B48A1AD7C41400463D3B /* VideoPlayerViewController.swift */ = {isa = PBXFileReference; fileEncoding = 4; lastKnownFileType = sourcecode.swift; path = VideoPlayerViewController.swift; sourceTree = "<group>"; };
		D074B48D1ADB7AD500463D3B /* SMSegment.swift */ = {isa = PBXFileReference; fileEncoding = 4; lastKnownFileType = sourcecode.swift; path = SMSegment.swift; sourceTree = "<group>"; };
		D074B48E1ADB7AD500463D3B /* SMSegmentView.swift */ = {isa = PBXFileReference; fileEncoding = 4; lastKnownFileType = sourcecode.swift; path = SMSegmentView.swift; sourceTree = "<group>"; };
		D074B4931ADB801500463D3B /* SingerInfoView.swift */ = {isa = PBXFileReference; fileEncoding = 4; lastKnownFileType = sourcecode.swift; path = SingerInfoView.swift; sourceTree = "<group>"; };
		D074B4981ADBC16A00463D3B /* HTMLtoSTRING.swift */ = {isa = PBXFileReference; fileEncoding = 4; lastKnownFileType = sourcecode.swift; path = HTMLtoSTRING.swift; sourceTree = "<group>"; };
		D074B49C1ADBC5B700463D3B /* MKAnnotationView+WebCache.h */ = {isa = PBXFileReference; fileEncoding = 4; lastKnownFileType = sourcecode.c.h; path = "MKAnnotationView+WebCache.h"; sourceTree = "<group>"; };
		D074B49D1ADBC5B700463D3B /* MKAnnotationView+WebCache.m */ = {isa = PBXFileReference; fileEncoding = 4; lastKnownFileType = sourcecode.c.objc; path = "MKAnnotationView+WebCache.m"; sourceTree = "<group>"; };
		D074B49E1ADBC5B700463D3B /* NSData+ImageContentType.h */ = {isa = PBXFileReference; fileEncoding = 4; lastKnownFileType = sourcecode.c.h; path = "NSData+ImageContentType.h"; sourceTree = "<group>"; };
		D074B49F1ADBC5B700463D3B /* NSData+ImageContentType.m */ = {isa = PBXFileReference; fileEncoding = 4; lastKnownFileType = sourcecode.c.objc; path = "NSData+ImageContentType.m"; sourceTree = "<group>"; };
		D074B4A01ADBC5B700463D3B /* SDImageCache.h */ = {isa = PBXFileReference; fileEncoding = 4; lastKnownFileType = sourcecode.c.h; path = SDImageCache.h; sourceTree = "<group>"; };
		D074B4A11ADBC5B700463D3B /* SDImageCache.m */ = {isa = PBXFileReference; fileEncoding = 4; lastKnownFileType = sourcecode.c.objc; path = SDImageCache.m; sourceTree = "<group>"; };
		D074B4A21ADBC5B700463D3B /* SDWebImageCompat.h */ = {isa = PBXFileReference; fileEncoding = 4; lastKnownFileType = sourcecode.c.h; path = SDWebImageCompat.h; sourceTree = "<group>"; };
		D074B4A31ADBC5B700463D3B /* SDWebImageCompat.m */ = {isa = PBXFileReference; fileEncoding = 4; lastKnownFileType = sourcecode.c.objc; path = SDWebImageCompat.m; sourceTree = "<group>"; };
		D074B4A41ADBC5B700463D3B /* SDWebImageDecoder.h */ = {isa = PBXFileReference; fileEncoding = 4; lastKnownFileType = sourcecode.c.h; path = SDWebImageDecoder.h; sourceTree = "<group>"; };
		D074B4A51ADBC5B700463D3B /* SDWebImageDecoder.m */ = {isa = PBXFileReference; fileEncoding = 4; lastKnownFileType = sourcecode.c.objc; path = SDWebImageDecoder.m; sourceTree = "<group>"; };
		D074B4A61ADBC5B700463D3B /* SDWebImageDownloader.h */ = {isa = PBXFileReference; fileEncoding = 4; lastKnownFileType = sourcecode.c.h; path = SDWebImageDownloader.h; sourceTree = "<group>"; };
		D074B4A71ADBC5B700463D3B /* SDWebImageDownloader.m */ = {isa = PBXFileReference; fileEncoding = 4; lastKnownFileType = sourcecode.c.objc; path = SDWebImageDownloader.m; sourceTree = "<group>"; };
		D074B4A81ADBC5B700463D3B /* SDWebImageDownloaderOperation.h */ = {isa = PBXFileReference; fileEncoding = 4; lastKnownFileType = sourcecode.c.h; path = SDWebImageDownloaderOperation.h; sourceTree = "<group>"; };
		D074B4A91ADBC5B700463D3B /* SDWebImageDownloaderOperation.m */ = {isa = PBXFileReference; fileEncoding = 4; lastKnownFileType = sourcecode.c.objc; path = SDWebImageDownloaderOperation.m; sourceTree = "<group>"; };
		D074B4AA1ADBC5B700463D3B /* SDWebImageManager.h */ = {isa = PBXFileReference; fileEncoding = 4; lastKnownFileType = sourcecode.c.h; path = SDWebImageManager.h; sourceTree = "<group>"; };
		D074B4AB1ADBC5B700463D3B /* SDWebImageManager.m */ = {isa = PBXFileReference; fileEncoding = 4; lastKnownFileType = sourcecode.c.objc; path = SDWebImageManager.m; sourceTree = "<group>"; };
		D074B4AC1ADBC5B700463D3B /* SDWebImageOperation.h */ = {isa = PBXFileReference; fileEncoding = 4; lastKnownFileType = sourcecode.c.h; path = SDWebImageOperation.h; sourceTree = "<group>"; };
		D074B4AD1ADBC5B700463D3B /* SDWebImagePrefetcher.h */ = {isa = PBXFileReference; fileEncoding = 4; lastKnownFileType = sourcecode.c.h; path = SDWebImagePrefetcher.h; sourceTree = "<group>"; };
		D074B4AE1ADBC5B700463D3B /* SDWebImagePrefetcher.m */ = {isa = PBXFileReference; fileEncoding = 4; lastKnownFileType = sourcecode.c.objc; path = SDWebImagePrefetcher.m; sourceTree = "<group>"; };
		D074B4AF1ADBC5B700463D3B /* UIButton+WebCache.h */ = {isa = PBXFileReference; fileEncoding = 4; lastKnownFileType = sourcecode.c.h; path = "UIButton+WebCache.h"; sourceTree = "<group>"; };
		D074B4B01ADBC5B700463D3B /* UIButton+WebCache.m */ = {isa = PBXFileReference; fileEncoding = 4; lastKnownFileType = sourcecode.c.objc; path = "UIButton+WebCache.m"; sourceTree = "<group>"; };
		D074B4B11ADBC5B700463D3B /* UIImage+GIF.h */ = {isa = PBXFileReference; fileEncoding = 4; lastKnownFileType = sourcecode.c.h; path = "UIImage+GIF.h"; sourceTree = "<group>"; };
		D074B4B21ADBC5B700463D3B /* UIImage+GIF.m */ = {isa = PBXFileReference; fileEncoding = 4; lastKnownFileType = sourcecode.c.objc; path = "UIImage+GIF.m"; sourceTree = "<group>"; };
		D074B4B31ADBC5B700463D3B /* UIImage+MultiFormat.h */ = {isa = PBXFileReference; fileEncoding = 4; lastKnownFileType = sourcecode.c.h; path = "UIImage+MultiFormat.h"; sourceTree = "<group>"; };
		D074B4B41ADBC5B700463D3B /* UIImage+MultiFormat.m */ = {isa = PBXFileReference; fileEncoding = 4; lastKnownFileType = sourcecode.c.objc; path = "UIImage+MultiFormat.m"; sourceTree = "<group>"; };
		D074B4B51ADBC5B700463D3B /* UIImage+WebP.h */ = {isa = PBXFileReference; fileEncoding = 4; lastKnownFileType = sourcecode.c.h; path = "UIImage+WebP.h"; sourceTree = "<group>"; };
		D074B4B61ADBC5B700463D3B /* UIImage+WebP.m */ = {isa = PBXFileReference; fileEncoding = 4; lastKnownFileType = sourcecode.c.objc; path = "UIImage+WebP.m"; sourceTree = "<group>"; };
		D074B4B71ADBC5B700463D3B /* UIImageView+HighlightedWebCache.h */ = {isa = PBXFileReference; fileEncoding = 4; lastKnownFileType = sourcecode.c.h; path = "UIImageView+HighlightedWebCache.h"; sourceTree = "<group>"; };
		D074B4B81ADBC5B700463D3B /* UIImageView+HighlightedWebCache.m */ = {isa = PBXFileReference; fileEncoding = 4; lastKnownFileType = sourcecode.c.objc; path = "UIImageView+HighlightedWebCache.m"; sourceTree = "<group>"; };
		D074B4B91ADBC5B700463D3B /* UIImageView+WebCache.h */ = {isa = PBXFileReference; fileEncoding = 4; lastKnownFileType = sourcecode.c.h; path = "UIImageView+WebCache.h"; sourceTree = "<group>"; };
		D074B4BA1ADBC5B700463D3B /* UIImageView+WebCache.m */ = {isa = PBXFileReference; fileEncoding = 4; lastKnownFileType = sourcecode.c.objc; path = "UIImageView+WebCache.m"; sourceTree = "<group>"; };
		D074B4BB1ADBC5B700463D3B /* UIView+WebCacheOperation.h */ = {isa = PBXFileReference; fileEncoding = 4; lastKnownFileType = sourcecode.c.h; path = "UIView+WebCacheOperation.h"; sourceTree = "<group>"; };
		D074B4BC1ADBC5B700463D3B /* UIView+WebCacheOperation.m */ = {isa = PBXFileReference; fileEncoding = 4; lastKnownFileType = sourcecode.c.objc; path = "UIView+WebCacheOperation.m"; sourceTree = "<group>"; };
		D074B4CD1ADD05B900463D3B /* minsize.png */ = {isa = PBXFileReference; lastKnownFileType = image.png; path = minsize.png; sourceTree = "<group>"; };
		D094FEF51ACA7B7C006C7163 /* iNhac-Bridging-Header.h */ = {isa = PBXFileReference; fileEncoding = 4; lastKnownFileType = sourcecode.c.h; path = "iNhac-Bridging-Header.h"; sourceTree = "<group>"; };
		D094FEF71ACA8EC0006C7163 /* homepageCell.swift */ = {isa = PBXFileReference; fileEncoding = 4; lastKnownFileType = sourcecode.swift; path = homepageCell.swift; sourceTree = "<group>"; };
		D0A5EF751ACA59DE00354B7F /* iNhac.app */ = {isa = PBXFileReference; explicitFileType = wrapper.application; includeInIndex = 0; path = iNhac.app; sourceTree = BUILT_PRODUCTS_DIR; };
		D0A5EF791ACA59DE00354B7F /* Info.plist */ = {isa = PBXFileReference; lastKnownFileType = text.plist.xml; path = Info.plist; sourceTree = "<group>"; };
		D0A5EF7A1ACA59DE00354B7F /* AppDelegate.swift */ = {isa = PBXFileReference; lastKnownFileType = sourcecode.swift; path = AppDelegate.swift; sourceTree = "<group>"; };
		D0A5EF7D1ACA59DE00354B7F /* iNhac.xcdatamodel */ = {isa = PBXFileReference; lastKnownFileType = wrapper.xcdatamodel; path = iNhac.xcdatamodel; sourceTree = "<group>"; };
		D0A5EF7F1ACA59DE00354B7F /* HomeController.swift */ = {isa = PBXFileReference; lastKnownFileType = sourcecode.swift; path = HomeController.swift; sourceTree = "<group>"; };
		D0A5EF821ACA59DE00354B7F /* Base */ = {isa = PBXFileReference; lastKnownFileType = file.storyboard; name = Base; path = Base.lproj/Main.storyboard; sourceTree = "<group>"; };
		D0A5EF841ACA59DE00354B7F /* Images.xcassets */ = {isa = PBXFileReference; lastKnownFileType = folder.assetcatalog; path = Images.xcassets; sourceTree = "<group>"; };
		D0A5EF871ACA59DE00354B7F /* Base */ = {isa = PBXFileReference; lastKnownFileType = file.xib; name = Base; path = Base.lproj/LaunchScreen.xib; sourceTree = "<group>"; };
		D0A5EF8D1ACA59DE00354B7F /* iNhacTests.xctest */ = {isa = PBXFileReference; explicitFileType = wrapper.cfbundle; includeInIndex = 0; path = iNhacTests.xctest; sourceTree = BUILT_PRODUCTS_DIR; };
		D0A5EF921ACA59DE00354B7F /* Info.plist */ = {isa = PBXFileReference; lastKnownFileType = text.plist.xml; path = Info.plist; sourceTree = "<group>"; };
		D0A5EF931ACA59DE00354B7F /* iNhacTests.swift */ = {isa = PBXFileReference; lastKnownFileType = sourcecode.swift; path = iNhacTests.swift; sourceTree = "<group>"; };
		D0A5EFA31ACA5F3F00354B7F /* AFHTTPRequestOperation.h */ = {isa = PBXFileReference; fileEncoding = 4; lastKnownFileType = sourcecode.c.h; path = AFHTTPRequestOperation.h; sourceTree = "<group>"; };
		D0A5EFA41ACA5F3F00354B7F /* AFHTTPRequestOperation.m */ = {isa = PBXFileReference; fileEncoding = 4; lastKnownFileType = sourcecode.c.objc; path = AFHTTPRequestOperation.m; sourceTree = "<group>"; };
		D0A5EFA51ACA5F3F00354B7F /* AFHTTPRequestOperationManager.h */ = {isa = PBXFileReference; fileEncoding = 4; lastKnownFileType = sourcecode.c.h; path = AFHTTPRequestOperationManager.h; sourceTree = "<group>"; };
		D0A5EFA61ACA5F3F00354B7F /* AFHTTPRequestOperationManager.m */ = {isa = PBXFileReference; fileEncoding = 4; lastKnownFileType = sourcecode.c.objc; path = AFHTTPRequestOperationManager.m; sourceTree = "<group>"; };
		D0A5EFA71ACA5F3F00354B7F /* AFHTTPSessionManager.h */ = {isa = PBXFileReference; fileEncoding = 4; lastKnownFileType = sourcecode.c.h; path = AFHTTPSessionManager.h; sourceTree = "<group>"; };
		D0A5EFA81ACA5F3F00354B7F /* AFHTTPSessionManager.m */ = {isa = PBXFileReference; fileEncoding = 4; lastKnownFileType = sourcecode.c.objc; path = AFHTTPSessionManager.m; sourceTree = "<group>"; };
		D0A5EFA91ACA5F3F00354B7F /* AFNetworking.h */ = {isa = PBXFileReference; fileEncoding = 4; lastKnownFileType = sourcecode.c.h; path = AFNetworking.h; sourceTree = "<group>"; };
		D0A5EFAA1ACA5F3F00354B7F /* AFNetworkReachabilityManager.h */ = {isa = PBXFileReference; fileEncoding = 4; lastKnownFileType = sourcecode.c.h; path = AFNetworkReachabilityManager.h; sourceTree = "<group>"; };
		D0A5EFAB1ACA5F3F00354B7F /* AFNetworkReachabilityManager.m */ = {isa = PBXFileReference; fileEncoding = 4; lastKnownFileType = sourcecode.c.objc; path = AFNetworkReachabilityManager.m; sourceTree = "<group>"; };
		D0A5EFAC1ACA5F3F00354B7F /* AFSecurityPolicy.h */ = {isa = PBXFileReference; fileEncoding = 4; lastKnownFileType = sourcecode.c.h; path = AFSecurityPolicy.h; sourceTree = "<group>"; };
		D0A5EFAD1ACA5F3F00354B7F /* AFSecurityPolicy.m */ = {isa = PBXFileReference; fileEncoding = 4; lastKnownFileType = sourcecode.c.objc; path = AFSecurityPolicy.m; sourceTree = "<group>"; };
		D0A5EFAE1ACA5F3F00354B7F /* AFURLConnectionOperation.h */ = {isa = PBXFileReference; fileEncoding = 4; lastKnownFileType = sourcecode.c.h; path = AFURLConnectionOperation.h; sourceTree = "<group>"; };
		D0A5EFAF1ACA5F3F00354B7F /* AFURLConnectionOperation.m */ = {isa = PBXFileReference; fileEncoding = 4; lastKnownFileType = sourcecode.c.objc; path = AFURLConnectionOperation.m; sourceTree = "<group>"; };
		D0A5EFB01ACA5F3F00354B7F /* AFURLRequestSerialization.h */ = {isa = PBXFileReference; fileEncoding = 4; lastKnownFileType = sourcecode.c.h; path = AFURLRequestSerialization.h; sourceTree = "<group>"; };
		D0A5EFB11ACA5F3F00354B7F /* AFURLRequestSerialization.m */ = {isa = PBXFileReference; fileEncoding = 4; lastKnownFileType = sourcecode.c.objc; path = AFURLRequestSerialization.m; sourceTree = "<group>"; };
		D0A5EFB21ACA5F3F00354B7F /* AFURLResponseSerialization.h */ = {isa = PBXFileReference; fileEncoding = 4; lastKnownFileType = sourcecode.c.h; path = AFURLResponseSerialization.h; sourceTree = "<group>"; };
		D0A5EFB31ACA5F3F00354B7F /* AFURLResponseSerialization.m */ = {isa = PBXFileReference; fileEncoding = 4; lastKnownFileType = sourcecode.c.objc; path = AFURLResponseSerialization.m; sourceTree = "<group>"; };
		D0A5EFB41ACA5F3F00354B7F /* AFURLSessionManager.h */ = {isa = PBXFileReference; fileEncoding = 4; lastKnownFileType = sourcecode.c.h; path = AFURLSessionManager.h; sourceTree = "<group>"; };
		D0A5EFB51ACA5F3F00354B7F /* AFURLSessionManager.m */ = {isa = PBXFileReference; fileEncoding = 4; lastKnownFileType = sourcecode.c.objc; path = AFURLSessionManager.m; sourceTree = "<group>"; };
		D0A5EFC01ACA5F6C00354B7F /* AFNetworkActivityIndicatorManager.h */ = {isa = PBXFileReference; fileEncoding = 4; lastKnownFileType = sourcecode.c.h; path = AFNetworkActivityIndicatorManager.h; sourceTree = "<group>"; };
		D0A5EFC11ACA5F6C00354B7F /* AFNetworkActivityIndicatorManager.m */ = {isa = PBXFileReference; fileEncoding = 4; lastKnownFileType = sourcecode.c.objc; path = AFNetworkActivityIndicatorManager.m; sourceTree = "<group>"; };
		D0A5EFC21ACA5F6C00354B7F /* UIActivityIndicatorView+AFNetworking.h */ = {isa = PBXFileReference; fileEncoding = 4; lastKnownFileType = sourcecode.c.h; path = "UIActivityIndicatorView+AFNetworking.h"; sourceTree = "<group>"; };
		D0A5EFC31ACA5F6C00354B7F /* UIActivityIndicatorView+AFNetworking.m */ = {isa = PBXFileReference; fileEncoding = 4; lastKnownFileType = sourcecode.c.objc; path = "UIActivityIndicatorView+AFNetworking.m"; sourceTree = "<group>"; };
		D0A5EFC41ACA5F6C00354B7F /* UIAlertView+AFNetworking.h */ = {isa = PBXFileReference; fileEncoding = 4; lastKnownFileType = sourcecode.c.h; path = "UIAlertView+AFNetworking.h"; sourceTree = "<group>"; };
		D0A5EFC51ACA5F6C00354B7F /* UIAlertView+AFNetworking.m */ = {isa = PBXFileReference; fileEncoding = 4; lastKnownFileType = sourcecode.c.objc; path = "UIAlertView+AFNetworking.m"; sourceTree = "<group>"; };
		D0A5EFC61ACA5F6C00354B7F /* UIButton+AFNetworking.h */ = {isa = PBXFileReference; fileEncoding = 4; lastKnownFileType = sourcecode.c.h; path = "UIButton+AFNetworking.h"; sourceTree = "<group>"; };
		D0A5EFC71ACA5F6C00354B7F /* UIButton+AFNetworking.m */ = {isa = PBXFileReference; fileEncoding = 4; lastKnownFileType = sourcecode.c.objc; path = "UIButton+AFNetworking.m"; sourceTree = "<group>"; };
		D0A5EFC81ACA5F6C00354B7F /* UIImageView+AFNetworking.h */ = {isa = PBXFileReference; fileEncoding = 4; lastKnownFileType = sourcecode.c.h; path = "UIImageView+AFNetworking.h"; sourceTree = "<group>"; };
		D0A5EFC91ACA5F6C00354B7F /* UIImageView+AFNetworking.m */ = {isa = PBXFileReference; fileEncoding = 4; lastKnownFileType = sourcecode.c.objc; path = "UIImageView+AFNetworking.m"; sourceTree = "<group>"; };
		D0A5EFCA1ACA5F6C00354B7F /* UIKit+AFNetworking.h */ = {isa = PBXFileReference; fileEncoding = 4; lastKnownFileType = sourcecode.c.h; path = "UIKit+AFNetworking.h"; sourceTree = "<group>"; };
		D0A5EFCB1ACA5F6C00354B7F /* UIProgressView+AFNetworking.h */ = {isa = PBXFileReference; fileEncoding = 4; lastKnownFileType = sourcecode.c.h; path = "UIProgressView+AFNetworking.h"; sourceTree = "<group>"; };
		D0A5EFCC1ACA5F6C00354B7F /* UIProgressView+AFNetworking.m */ = {isa = PBXFileReference; fileEncoding = 4; lastKnownFileType = sourcecode.c.objc; path = "UIProgressView+AFNetworking.m"; sourceTree = "<group>"; };
		D0A5EFCD1ACA5F6C00354B7F /* UIRefreshControl+AFNetworking.h */ = {isa = PBXFileReference; fileEncoding = 4; lastKnownFileType = sourcecode.c.h; path = "UIRefreshControl+AFNetworking.h"; sourceTree = "<group>"; };
		D0A5EFCE1ACA5F6C00354B7F /* UIRefreshControl+AFNetworking.m */ = {isa = PBXFileReference; fileEncoding = 4; lastKnownFileType = sourcecode.c.objc; path = "UIRefreshControl+AFNetworking.m"; sourceTree = "<group>"; };
		D0A5EFCF1ACA5F6C00354B7F /* UIWebView+AFNetworking.h */ = {isa = PBXFileReference; fileEncoding = 4; lastKnownFileType = sourcecode.c.h; path = "UIWebView+AFNetworking.h"; sourceTree = "<group>"; };
		D0A5EFD01ACA5F6C00354B7F /* UIWebView+AFNetworking.m */ = {isa = PBXFileReference; fileEncoding = 4; lastKnownFileType = sourcecode.c.objc; path = "UIWebView+AFNetworking.m"; sourceTree = "<group>"; };
		D0C084901AD37C3B00B68903 /* UIColor+flat.h */ = {isa = PBXFileReference; fileEncoding = 4; lastKnownFileType = sourcecode.c.h; path = "UIColor+flat.h"; sourceTree = "<group>"; };
		D0C084911AD37C3B00B68903 /* UIColor+flat.m */ = {isa = PBXFileReference; fileEncoding = 4; lastKnownFileType = sourcecode.c.objc; path = "UIColor+flat.m"; sourceTree = "<group>"; };
		D0C084931AD37C7500B68903 /* FeSpinnerTenDot.h */ = {isa = PBXFileReference; fileEncoding = 4; lastKnownFileType = sourcecode.c.h; path = FeSpinnerTenDot.h; sourceTree = "<group>"; };
		D0C084941AD37C7500B68903 /* FeSpinnerTenDot.m */ = {isa = PBXFileReference; fileEncoding = 4; lastKnownFileType = sourcecode.c.objc; path = FeSpinnerTenDot.m; sourceTree = "<group>"; };
		D0C084951AD37C7500B68903 /* FeTenDot.h */ = {isa = PBXFileReference; fileEncoding = 4; lastKnownFileType = sourcecode.c.h; path = FeTenDot.h; sourceTree = "<group>"; };
		D0C084961AD37C7500B68903 /* FeTenDot.m */ = {isa = PBXFileReference; fileEncoding = 4; lastKnownFileType = sourcecode.c.objc; path = FeTenDot.m; sourceTree = "<group>"; };
		D0C084991AD37EEE00B68903 /* FXBlurView.h */ = {isa = PBXFileReference; fileEncoding = 4; lastKnownFileType = sourcecode.c.h; path = FXBlurView.h; sourceTree = "<group>"; };
		D0C0849A1AD37EEE00B68903 /* FXBlurView.m */ = {isa = PBXFileReference; fileEncoding = 4; lastKnownFileType = sourcecode.c.objc; path = FXBlurView.m; sourceTree = "<group>"; };
		D0C0849C1AD3B1B200B68903 /* QuartzCore.framework */ = {isa = PBXFileReference; lastKnownFileType = wrapper.framework; name = QuartzCore.framework; path = System/Library/Frameworks/QuartzCore.framework; sourceTree = SDKROOT; };
		D0C0849E1AD3B1FE00B68903 /* CoreGraphics.framework */ = {isa = PBXFileReference; lastKnownFileType = wrapper.framework; name = CoreGraphics.framework; path = System/Library/Frameworks/CoreGraphics.framework; sourceTree = SDKROOT; };
		D0C084A01AD3B20500B68903 /* UIKit.framework */ = {isa = PBXFileReference; lastKnownFileType = wrapper.framework; name = UIKit.framework; path = System/Library/Frameworks/UIKit.framework; sourceTree = SDKROOT; };
		D0C084A61AD3EB5000B68903 /* PlayerView.swift */ = {isa = PBXFileReference; fileEncoding = 4; lastKnownFileType = sourcecode.swift; path = PlayerView.swift; sourceTree = "<group>"; };
		D0C39CCB1AD6722F00B4D097 /* SongHotViewController.swift */ = {isa = PBXFileReference; fileEncoding = 4; lastKnownFileType = sourcecode.swift; path = SongHotViewController.swift; sourceTree = "<group>"; };
		D0C39CCD1AD6723C00B4D097 /* AlbumHotViewController.swift */ = {isa = PBXFileReference; fileEncoding = 4; lastKnownFileType = sourcecode.swift; path = AlbumHotViewController.swift; sourceTree = "<group>"; };
		D0DF80891AD690380059E7E0 /* VideoTableViewCell.swift */ = {isa = PBXFileReference; fileEncoding = 4; lastKnownFileType = sourcecode.swift; path = VideoTableViewCell.swift; sourceTree = "<group>"; };
		D0DF808B1AD692440059E7E0 /* defaultImage.png */ = {isa = PBXFileReference; lastKnownFileType = image.png; path = defaultImage.png; sourceTree = "<group>"; };
/* End PBXFileReference section */

/* Begin PBXFrameworksBuildPhase section */
		D0A5EF721ACA59DE00354B7F /* Frameworks */ = {
			isa = PBXFrameworksBuildPhase;
			buildActionMask = 2147483647;
			files = (
				D0C084A11AD3B20500B68903 /* UIKit.framework in Frameworks */,
				D0C0849F1AD3B1FE00B68903 /* CoreGraphics.framework in Frameworks */,
				D0C0849D1AD3B1B200B68903 /* QuartzCore.framework in Frameworks */,
				D0003ED31ACE4215009ADBF2 /* Foundation.framework in Frameworks */,
			);
			runOnlyForDeploymentPostprocessing = 0;
		};
		D0A5EF8A1ACA59DE00354B7F /* Frameworks */ = {
			isa = PBXFrameworksBuildPhase;
			buildActionMask = 2147483647;
			files = (
			);
			runOnlyForDeploymentPostprocessing = 0;
		};
/* End PBXFrameworksBuildPhase section */

/* Begin PBXGroup section */
		D00810C41ACD2E120071083E /* Json Kit */ = {
			isa = PBXGroup;
			children = (
				D00810C51ACD2E1F0071083E /* JSONKit.h */,
				D00810C61ACD2E1F0071083E /* JSONKit.m */,
			);
			name = "Json Kit";
			sourceTree = "<group>";
		};
		D00810C81ACD31E70071083E /* Base 64 */ = {
			isa = PBXGroup;
			children = (
				D00810C91ACD31F40071083E /* Base64.h */,
				D00810CA1ACD31F40071083E /* Base64.m */,
			);
			name = "Base 64";
			sourceTree = "<group>";
		};
		D00810CC1ACD360A0071083E /* MD5 Categorie */ = {
			isa = PBXGroup;
			children = (
				D00810CD1ACD36A30071083E /* NSString+MD5.h */,
				D00810CE1ACD36A30071083E /* NSString+MD5.m */,
			);
			name = "MD5 Categorie";
			sourceTree = "<group>";
		};
		D03D69E41AD2884F00E85A4D /* Resources */ = {
			isa = PBXGroup;
			children = (
				D03D69E51AD2885600E85A4D /* Images */,
			);
			name = Resources;
			sourceTree = "<group>";
		};
		D03D69E51AD2885600E85A4D /* Images */ = {
			isa = PBXGroup;
			children = (
				D074B4CD1ADD05B900463D3B /* minsize.png */,
				D0DF808B1AD692440059E7E0 /* defaultImage.png */,
				D05ABF1D1AD4EBBC00DCC1C3 /* music.png */,
				D05ABF171AD4E9BD00DCC1C3 /* skip.png */,
				D05ABF181AD4E9BD00DCC1C3 /* play.png */,
				D05ABF191AD4E9BD00DCC1C3 /* back.png */,
				D03D69E61AD2886300E85A4D /* 3.jpg */,
				D03D69E71AD2886300E85A4D /* 2.jpg */,
				D03D69E81AD2886300E85A4D /* 1.jpg */,
			);
			name = Images;
			sourceTree = "<group>";
		};
		D074B4871AD7893300463D3B /* Model */ = {
			isa = PBXGroup;
			children = (
				D074B4881AD7895500463D3B /* VideoModel.swift */,
			);
			name = Model;
			sourceTree = "<group>";
		};
		D074B48C1ADB7AD500463D3B /* SMSegmentView */ = {
			isa = PBXGroup;
			children = (
				D074B48D1ADB7AD500463D3B /* SMSegment.swift */,
				D074B48E1ADB7AD500463D3B /* SMSegmentView.swift */,
			);
			path = SMSegmentView;
			sourceTree = "<group>";
		};
		D074B4951ADB801900463D3B /* singer Info */ = {
			isa = PBXGroup;
			children = (
				D074B4931ADB801500463D3B /* SingerInfoView.swift */,
			);
			name = "singer Info";
			sourceTree = "<group>";
		};
		D074B4961ADB802300463D3B /* Media Player View */ = {
			isa = PBXGroup;
			children = (
				D0C084A61AD3EB5000B68903 /* PlayerView.swift */,
				D05ABF151AD4E1BB00DCC1C3 /* PlayerView.xib */,
			);
			name = "Media Player View";
			sourceTree = "<group>";
		};
		D074B4971ADB803600463D3B /* Cell Table */ = {
			isa = PBXGroup;
			children = (
				D094FEF71ACA8EC0006C7163 /* homepageCell.swift */,
				D0DF80891AD690380059E7E0 /* VideoTableViewCell.swift */,
			);
			name = "Cell Table";
			sourceTree = "<group>";
		};
		D074B49B1ADBC5B700463D3B /* SDWebImage */ = {
			isa = PBXGroup;
			children = (
				D074B49C1ADBC5B700463D3B /* MKAnnotationView+WebCache.h */,
				D074B49D1ADBC5B700463D3B /* MKAnnotationView+WebCache.m */,
				D074B49E1ADBC5B700463D3B /* NSData+ImageContentType.h */,
				D074B49F1ADBC5B700463D3B /* NSData+ImageContentType.m */,
				D074B4A01ADBC5B700463D3B /* SDImageCache.h */,
				D074B4A11ADBC5B700463D3B /* SDImageCache.m */,
				D074B4A21ADBC5B700463D3B /* SDWebImageCompat.h */,
				D074B4A31ADBC5B700463D3B /* SDWebImageCompat.m */,
				D074B4A41ADBC5B700463D3B /* SDWebImageDecoder.h */,
				D074B4A51ADBC5B700463D3B /* SDWebImageDecoder.m */,
				D074B4A61ADBC5B700463D3B /* SDWebImageDownloader.h */,
				D074B4A71ADBC5B700463D3B /* SDWebImageDownloader.m */,
				D074B4A81ADBC5B700463D3B /* SDWebImageDownloaderOperation.h */,
				D074B4A91ADBC5B700463D3B /* SDWebImageDownloaderOperation.m */,
				D074B4AA1ADBC5B700463D3B /* SDWebImageManager.h */,
				D074B4AB1ADBC5B700463D3B /* SDWebImageManager.m */,
				D074B4AC1ADBC5B700463D3B /* SDWebImageOperation.h */,
				D074B4AD1ADBC5B700463D3B /* SDWebImagePrefetcher.h */,
				D074B4AE1ADBC5B700463D3B /* SDWebImagePrefetcher.m */,
				D074B4AF1ADBC5B700463D3B /* UIButton+WebCache.h */,
				D074B4B01ADBC5B700463D3B /* UIButton+WebCache.m */,
				D074B4B11ADBC5B700463D3B /* UIImage+GIF.h */,
				D074B4B21ADBC5B700463D3B /* UIImage+GIF.m */,
				D074B4B31ADBC5B700463D3B /* UIImage+MultiFormat.h */,
				D074B4B41ADBC5B700463D3B /* UIImage+MultiFormat.m */,
				D074B4B51ADBC5B700463D3B /* UIImage+WebP.h */,
				D074B4B61ADBC5B700463D3B /* UIImage+WebP.m */,
				D074B4B71ADBC5B700463D3B /* UIImageView+HighlightedWebCache.h */,
				D074B4B81ADBC5B700463D3B /* UIImageView+HighlightedWebCache.m */,
				D074B4B91ADBC5B700463D3B /* UIImageView+WebCache.h */,
				D074B4BA1ADBC5B700463D3B /* UIImageView+WebCache.m */,
				D074B4BB1ADBC5B700463D3B /* UIView+WebCacheOperation.h */,
				D074B4BC1ADBC5B700463D3B /* UIView+WebCacheOperation.m */,
			);
			path = SDWebImage;
			sourceTree = "<group>";
		};
		D094FEF41ACA7B4D006C7163 /* Bridging Header */ = {
			isa = PBXGroup;
			children = (
				D094FEF51ACA7B7C006C7163 /* iNhac-Bridging-Header.h */,
			);
			name = "Bridging Header";
			sourceTree = "<group>";
		};
		D094FEF61ACA8C92006C7163 /* Customize View */ = {
			isa = PBXGroup;
			children = (
				D074B4971ADB803600463D3B /* Cell Table */,
				D074B4961ADB802300463D3B /* Media Player View */,
				D074B4951ADB801900463D3B /* singer Info */,
			);
			name = "Customize View";
			sourceTree = "<group>";
		};
		D0A5EF6C1ACA59DE00354B7F = {
			isa = PBXGroup;
			children = (
				D0C084A01AD3B20500B68903 /* UIKit.framework */,
				D0C0849E1AD3B1FE00B68903 /* CoreGraphics.framework */,
				D0C0849C1AD3B1B200B68903 /* QuartzCore.framework */,
				D0003ED21ACE4215009ADBF2 /* Foundation.framework */,
				D0A5EF771ACA59DE00354B7F /* iNhac */,
				D0A5EF901ACA59DE00354B7F /* iNhacTests */,
				D0A5EF761ACA59DE00354B7F /* Products */,
			);
			sourceTree = "<group>";
		};
		D0A5EF761ACA59DE00354B7F /* Products */ = {
			isa = PBXGroup;
			children = (
				D0A5EF751ACA59DE00354B7F /* iNhac.app */,
				D0A5EF8D1ACA59DE00354B7F /* iNhacTests.xctest */,
			);
			name = Products;
			sourceTree = "<group>";
		};
		D0A5EF771ACA59DE00354B7F /* iNhac */ = {
			isa = PBXGroup;
			children = (
				D074B4871AD7893300463D3B /* Model */,
				D03D69E41AD2884F00E85A4D /* Resources */,
				D094FEF61ACA8C92006C7163 /* Customize View */,
				D094FEF41ACA7B4D006C7163 /* Bridging Header */,
				D0A5EFA11ACA5A9800354B7F /* Library */,
				D0A5EFA01ACA5A6F00354B7F /* StoryBoard */,
				D0A5EF9F1ACA5A6700354B7F /* ViewControllers */,
				D0A5EF9E1ACA5A5F00354B7F /* CoreData */,
				D0A5EF9D1ACA5A5700354B7F /* Delegate */,
				D0A5EF841ACA59DE00354B7F /* Images.xcassets */,
				D0A5EF781ACA59DE00354B7F /* Supporting Files */,
			);
			path = iNhac;
			sourceTree = "<group>";
		};
		D0A5EF781ACA59DE00354B7F /* Supporting Files */ = {
			isa = PBXGroup;
			children = (
				D0A5EF791ACA59DE00354B7F /* Info.plist */,
			);
			name = "Supporting Files";
			sourceTree = "<group>";
		};
		D0A5EF901ACA59DE00354B7F /* iNhacTests */ = {
			isa = PBXGroup;
			children = (
				D0A5EF931ACA59DE00354B7F /* iNhacTests.swift */,
				D0A5EF911ACA59DE00354B7F /* Supporting Files */,
			);
			path = iNhacTests;
			sourceTree = "<group>";
		};
		D0A5EF911ACA59DE00354B7F /* Supporting Files */ = {
			isa = PBXGroup;
			children = (
				D0A5EF921ACA59DE00354B7F /* Info.plist */,
			);
			name = "Supporting Files";
			sourceTree = "<group>";
		};
		D0A5EF9D1ACA5A5700354B7F /* Delegate */ = {
			isa = PBXGroup;
			children = (
				D0A5EF7A1ACA59DE00354B7F /* AppDelegate.swift */,
			);
			name = Delegate;
			sourceTree = "<group>";
		};
		D0A5EF9E1ACA5A5F00354B7F /* CoreData */ = {
			isa = PBXGroup;
			children = (
				D0A5EF7C1ACA59DE00354B7F /* iNhac.xcdatamodeld */,
			);
			name = CoreData;
			sourceTree = "<group>";
		};
		D0A5EF9F1ACA5A6700354B7F /* ViewControllers */ = {
			isa = PBXGroup;
			children = (
				D0A5EF7F1ACA59DE00354B7F /* HomeController.swift */,
				D0C39CCB1AD6722F00B4D097 /* SongHotViewController.swift */,
				D0C39CCD1AD6723C00B4D097 /* AlbumHotViewController.swift */,
				D05ABF1F1AD66CA400DCC1C3 /* VideoHotViewController.swift */,
				D074B48A1AD7C41400463D3B /* VideoPlayerViewController.swift */,
			);
			name = ViewControllers;
			sourceTree = "<group>";
		};
		D0A5EFA01ACA5A6F00354B7F /* StoryBoard */ = {
			isa = PBXGroup;
			children = (
				D0A5EF861ACA59DE00354B7F /* LaunchScreen.xib */,
				D0A5EF811ACA59DE00354B7F /* Main.storyboard */,
			);
			name = StoryBoard;
			sourceTree = "<group>";
		};
		D0A5EFA11ACA5A9800354B7F /* Library */ = {
			isa = PBXGroup;
			children = (
				D074B49B1ADBC5B700463D3B /* SDWebImage */,
				D074B48C1ADB7AD500463D3B /* SMSegmentView */,
				D0C0848F1AD37C1E00B68903 /* Ten Dot Spinner */,
				D00810CC1ACD360A0071083E /* MD5 Categorie */,
				D00810C81ACD31E70071083E /* Base 64 */,
				D00810C41ACD2E120071083E /* Json Kit */,
				D0A5EFBF1ACA5F6C00354B7F /* UIKit+AFNetworking */,
				D0A5EFA21ACA5F3F00354B7F /* AFNetworking */,
				D074B4981ADBC16A00463D3B /* HTMLtoSTRING.swift */,
			);
			name = Library;
			sourceTree = "<group>";
		};
		D0A5EFA21ACA5F3F00354B7F /* AFNetworking */ = {
			isa = PBXGroup;
			children = (
				D0A5EFA31ACA5F3F00354B7F /* AFHTTPRequestOperation.h */,
				D0A5EFA41ACA5F3F00354B7F /* AFHTTPRequestOperation.m */,
				D0A5EFA51ACA5F3F00354B7F /* AFHTTPRequestOperationManager.h */,
				D0A5EFA61ACA5F3F00354B7F /* AFHTTPRequestOperationManager.m */,
				D0A5EFA71ACA5F3F00354B7F /* AFHTTPSessionManager.h */,
				D0A5EFA81ACA5F3F00354B7F /* AFHTTPSessionManager.m */,
				D0A5EFA91ACA5F3F00354B7F /* AFNetworking.h */,
				D0A5EFAA1ACA5F3F00354B7F /* AFNetworkReachabilityManager.h */,
				D0A5EFAB1ACA5F3F00354B7F /* AFNetworkReachabilityManager.m */,
				D0A5EFAC1ACA5F3F00354B7F /* AFSecurityPolicy.h */,
				D0A5EFAD1ACA5F3F00354B7F /* AFSecurityPolicy.m */,
				D0A5EFAE1ACA5F3F00354B7F /* AFURLConnectionOperation.h */,
				D0A5EFAF1ACA5F3F00354B7F /* AFURLConnectionOperation.m */,
				D0A5EFB01ACA5F3F00354B7F /* AFURLRequestSerialization.h */,
				D0A5EFB11ACA5F3F00354B7F /* AFURLRequestSerialization.m */,
				D0A5EFB21ACA5F3F00354B7F /* AFURLResponseSerialization.h */,
				D0A5EFB31ACA5F3F00354B7F /* AFURLResponseSerialization.m */,
				D0A5EFB41ACA5F3F00354B7F /* AFURLSessionManager.h */,
				D0A5EFB51ACA5F3F00354B7F /* AFURLSessionManager.m */,
			);
			path = AFNetworking;
			sourceTree = "<group>";
		};
		D0A5EFBF1ACA5F6C00354B7F /* UIKit+AFNetworking */ = {
			isa = PBXGroup;
			children = (
				D0A5EFC01ACA5F6C00354B7F /* AFNetworkActivityIndicatorManager.h */,
				D0A5EFC11ACA5F6C00354B7F /* AFNetworkActivityIndicatorManager.m */,
				D0A5EFC21ACA5F6C00354B7F /* UIActivityIndicatorView+AFNetworking.h */,
				D0A5EFC31ACA5F6C00354B7F /* UIActivityIndicatorView+AFNetworking.m */,
				D0A5EFC41ACA5F6C00354B7F /* UIAlertView+AFNetworking.h */,
				D0A5EFC51ACA5F6C00354B7F /* UIAlertView+AFNetworking.m */,
				D0A5EFC61ACA5F6C00354B7F /* UIButton+AFNetworking.h */,
				D0A5EFC71ACA5F6C00354B7F /* UIButton+AFNetworking.m */,
				D0A5EFC81ACA5F6C00354B7F /* UIImageView+AFNetworking.h */,
				D0A5EFC91ACA5F6C00354B7F /* UIImageView+AFNetworking.m */,
				D0A5EFCA1ACA5F6C00354B7F /* UIKit+AFNetworking.h */,
				D0A5EFCB1ACA5F6C00354B7F /* UIProgressView+AFNetworking.h */,
				D0A5EFCC1ACA5F6C00354B7F /* UIProgressView+AFNetworking.m */,
				D0A5EFCD1ACA5F6C00354B7F /* UIRefreshControl+AFNetworking.h */,
				D0A5EFCE1ACA5F6C00354B7F /* UIRefreshControl+AFNetworking.m */,
				D0A5EFCF1ACA5F6C00354B7F /* UIWebView+AFNetworking.h */,
				D0A5EFD01ACA5F6C00354B7F /* UIWebView+AFNetworking.m */,
			);
			path = "UIKit+AFNetworking";
			sourceTree = "<group>";
		};
		D0C0848F1AD37C1E00B68903 /* Ten Dot Spinner */ = {
			isa = PBXGroup;
			children = (
				D0C084991AD37EEE00B68903 /* FXBlurView.h */,
				D0C0849A1AD37EEE00B68903 /* FXBlurView.m */,
				D0C084931AD37C7500B68903 /* FeSpinnerTenDot.h */,
				D0C084941AD37C7500B68903 /* FeSpinnerTenDot.m */,
				D0C084951AD37C7500B68903 /* FeTenDot.h */,
				D0C084961AD37C7500B68903 /* FeTenDot.m */,
				D0C084901AD37C3B00B68903 /* UIColor+flat.h */,
				D0C084911AD37C3B00B68903 /* UIColor+flat.m */,
			);
			name = "Ten Dot Spinner";
			sourceTree = "<group>";
		};
/* End PBXGroup section */

/* Begin PBXNativeTarget section */
		D0A5EF741ACA59DE00354B7F /* iNhac */ = {
			isa = PBXNativeTarget;
			buildConfigurationList = D0A5EF971ACA59DE00354B7F /* Build configuration list for PBXNativeTarget "iNhac" */;
			buildPhases = (
				D0A5EF711ACA59DE00354B7F /* Sources */,
				D0A5EF721ACA59DE00354B7F /* Frameworks */,
				D0A5EF731ACA59DE00354B7F /* Resources */,
			);
			buildRules = (
			);
			dependencies = (
			);
			name = iNhac;
			productName = iNhac;
			productReference = D0A5EF751ACA59DE00354B7F /* iNhac.app */;
			productType = "com.apple.product-type.application";
		};
		D0A5EF8C1ACA59DE00354B7F /* iNhacTests */ = {
			isa = PBXNativeTarget;
			buildConfigurationList = D0A5EF9A1ACA59DE00354B7F /* Build configuration list for PBXNativeTarget "iNhacTests" */;
			buildPhases = (
				D0A5EF891ACA59DE00354B7F /* Sources */,
				D0A5EF8A1ACA59DE00354B7F /* Frameworks */,
				D0A5EF8B1ACA59DE00354B7F /* Resources */,
			);
			buildRules = (
			);
			dependencies = (
				D0A5EF8F1ACA59DE00354B7F /* PBXTargetDependency */,
			);
			name = iNhacTests;
			productName = iNhacTests;
			productReference = D0A5EF8D1ACA59DE00354B7F /* iNhacTests.xctest */;
			productType = "com.apple.product-type.bundle.unit-test";
		};
/* End PBXNativeTarget section */

/* Begin PBXProject section */
		D0A5EF6D1ACA59DE00354B7F /* Project object */ = {
			isa = PBXProject;
			attributes = {
				LastUpgradeCheck = 0620;
				ORGANIZATIONNAME = ZoomStudio;
				TargetAttributes = {
					D0A5EF741ACA59DE00354B7F = {
						CreatedOnToolsVersion = 6.2;
						DevelopmentTeam = TY52BPKFCE;
						SystemCapabilities = {
							com.apple.DataProtection = {
								enabled = 0;
							};
						};
					};
					D0A5EF8C1ACA59DE00354B7F = {
						CreatedOnToolsVersion = 6.2;
						TestTargetID = D0A5EF741ACA59DE00354B7F;
					};
				};
			};
			buildConfigurationList = D0A5EF701ACA59DE00354B7F /* Build configuration list for PBXProject "iNhac" */;
			compatibilityVersion = "Xcode 3.2";
			developmentRegion = English;
			hasScannedForEncodings = 0;
			knownRegions = (
				en,
				Base,
			);
			mainGroup = D0A5EF6C1ACA59DE00354B7F;
			productRefGroup = D0A5EF761ACA59DE00354B7F /* Products */;
			projectDirPath = "";
			projectRoot = "";
			targets = (
				D0A5EF741ACA59DE00354B7F /* iNhac */,
				D0A5EF8C1ACA59DE00354B7F /* iNhacTests */,
			);
		};
/* End PBXProject section */

/* Begin PBXResourcesBuildPhase section */
		D0A5EF731ACA59DE00354B7F /* Resources */ = {
			isa = PBXResourcesBuildPhase;
			buildActionMask = 2147483647;
			files = (
				D05ABF161AD4E1BB00DCC1C3 /* PlayerView.xib in Resources */,
				D0A5EF831ACA59DE00354B7F /* Main.storyboard in Resources */,
				D05ABF1B1AD4E9BD00DCC1C3 /* play.png in Resources */,
				D074B4CE1ADD05B900463D3B /* minsize.png in Resources */,
				D05ABF1A1AD4E9BD00DCC1C3 /* skip.png in Resources */,
				D0A5EF881ACA59DE00354B7F /* LaunchScreen.xib in Resources */,
				D05ABF1E1AD4EBBC00DCC1C3 /* music.png in Resources */,
				D03D69EA1AD2886300E85A4D /* 2.jpg in Resources */,
				D0DF808C1AD692440059E7E0 /* defaultImage.png in Resources */,
				D05ABF1C1AD4E9BD00DCC1C3 /* back.png in Resources */,
				D03D69EB1AD2886300E85A4D /* 1.jpg in Resources */,
				D0A5EF851ACA59DE00354B7F /* Images.xcassets in Resources */,
				D03D69E91AD2886300E85A4D /* 3.jpg in Resources */,
			);
			runOnlyForDeploymentPostprocessing = 0;
		};
		D0A5EF8B1ACA59DE00354B7F /* Resources */ = {
			isa = PBXResourcesBuildPhase;
			buildActionMask = 2147483647;
			files = (
			);
			runOnlyForDeploymentPostprocessing = 0;
		};
/* End PBXResourcesBuildPhase section */

/* Begin PBXSourcesBuildPhase section */
		D0A5EF711ACA59DE00354B7F /* Sources */ = {
			isa = PBXSourcesBuildPhase;
			buildActionMask = 2147483647;
			files = (
				D074B4C61ADBC5B700463D3B /* UIButton+WebCache.m in Sources */,
				D0A5EFB61ACA5F3F00354B7F /* AFHTTPRequestOperation.m in Sources */,
				D0C39CCC1AD6722F00B4D097 /* SongHotViewController.swift in Sources */,
				D0A5EFD51ACA5F6C00354B7F /* UIImageView+AFNetworking.m in Sources */,
				D0A5EF801ACA59DE00354B7F /* HomeController.swift in Sources */,
				D074B4CA1ADBC5B700463D3B /* UIImageView+HighlightedWebCache.m in Sources */,
				D0A5EFB71ACA5F3F00354B7F /* AFHTTPRequestOperationManager.m in Sources */,
				D074B4BE1ADBC5B700463D3B /* NSData+ImageContentType.m in Sources */,
				D05ABF201AD66CA400DCC1C3 /* VideoHotViewController.swift in Sources */,
				D074B4901ADB7AD500463D3B /* SMSegmentView.swift in Sources */,
				D074B4991ADBC16A00463D3B /* HTMLtoSTRING.swift in Sources */,
				D0C084921AD37C3B00B68903 /* UIColor+flat.m in Sources */,
				D074B4941ADB801500463D3B /* SingerInfoView.swift in Sources */,
				D0A5EFD61ACA5F6C00354B7F /* UIProgressView+AFNetworking.m in Sources */,
				D074B4C01ADBC5B700463D3B /* SDWebImageCompat.m in Sources */,
				D074B4C41ADBC5B700463D3B /* SDWebImageManager.m in Sources */,
				D0A5EFB91ACA5F3F00354B7F /* AFNetworkReachabilityManager.m in Sources */,
				D074B4BF1ADBC5B700463D3B /* SDImageCache.m in Sources */,
				D0A5EFBD1ACA5F3F00354B7F /* AFURLResponseSerialization.m in Sources */,
				D074B4C11ADBC5B700463D3B /* SDWebImageDecoder.m in Sources */,
				D0C084971AD37C7500B68903 /* FeSpinnerTenDot.m in Sources */,
				D0C084A71AD3EB5000B68903 /* PlayerView.swift in Sources */,
				D074B4C21ADBC5B700463D3B /* SDWebImageDownloader.m in Sources */,
				D0C0849B1AD37EEE00B68903 /* FXBlurView.m in Sources */,
				D074B48F1ADB7AD500463D3B /* SMSegment.swift in Sources */,
				D0C084981AD37C7500B68903 /* FeTenDot.m in Sources */,
				D074B4C81ADBC5B700463D3B /* UIImage+MultiFormat.m in Sources */,
				D0DF808A1AD690380059E7E0 /* VideoTableViewCell.swift in Sources */,
				D074B4C91ADBC5B700463D3B /* UIImage+WebP.m in Sources */,
				D0A5EFBB1ACA5F3F00354B7F /* AFURLConnectionOperation.m in Sources */,
				D00810CB1ACD31F40071083E /* Base64.m in Sources */,
				D074B48B1AD7C41400463D3B /* VideoPlayerViewController.swift in Sources */,
				D0A5EFD41ACA5F6C00354B7F /* UIButton+AFNetworking.m in Sources */,
				D094FEF81ACA8EC0006C7163 /* homepageCell.swift in Sources */,
				D0C39CCE1AD6723C00B4D097 /* AlbumHotViewController.swift in Sources */,
				D00810C71ACD2E1F0071083E /* JSONKit.m in Sources */,
				D0A5EFD21ACA5F6C00354B7F /* UIActivityIndicatorView+AFNetworking.m in Sources */,
				D074B4CC1ADBC5B700463D3B /* UIView+WebCacheOperation.m in Sources */,
				D074B4C51ADBC5B700463D3B /* SDWebImagePrefetcher.m in Sources */,
				D0A5EFBA1ACA5F3F00354B7F /* AFSecurityPolicy.m in Sources */,
				D0A5EFD71ACA5F6C00354B7F /* UIRefreshControl+AFNetworking.m in Sources */,
				D0A5EFD81ACA5F6C00354B7F /* UIWebView+AFNetworking.m in Sources */,
				D074B4C71ADBC5B700463D3B /* UIImage+GIF.m in Sources */,
				D074B4891AD7895500463D3B /* VideoModel.swift in Sources */,
				D0A5EFB81ACA5F3F00354B7F /* AFHTTPSessionManager.m in Sources */,
				D0A5EFD31ACA5F6C00354B7F /* UIAlertView+AFNetworking.m in Sources */,
				D074B4BD1ADBC5B700463D3B /* MKAnnotationView+WebCache.m in Sources */,
				D00810CF1ACD36A30071083E /* NSString+MD5.m in Sources */,
				D074B4C31ADBC5B700463D3B /* SDWebImageDownloaderOperation.m in Sources */,
				D0A5EFBC1ACA5F3F00354B7F /* AFURLRequestSerialization.m in Sources */,
				D0A5EFD11ACA5F6C00354B7F /* AFNetworkActivityIndicatorManager.m in Sources */,
				D074B4CB1ADBC5B700463D3B /* UIImageView+WebCache.m in Sources */,
				D0A5EFBE1ACA5F3F00354B7F /* AFURLSessionManager.m in Sources */,
				D0A5EF7B1ACA59DE00354B7F /* AppDelegate.swift in Sources */,
				D0A5EF7E1ACA59DE00354B7F /* iNhac.xcdatamodeld in Sources */,
			);
			runOnlyForDeploymentPostprocessing = 0;
		};
		D0A5EF891ACA59DE00354B7F /* Sources */ = {
			isa = PBXSourcesBuildPhase;
			buildActionMask = 2147483647;
			files = (
				D0A5EF941ACA59DE00354B7F /* iNhacTests.swift in Sources */,
			);
			runOnlyForDeploymentPostprocessing = 0;
		};
/* End PBXSourcesBuildPhase section */

/* Begin PBXTargetDependency section */
		D0A5EF8F1ACA59DE00354B7F /* PBXTargetDependency */ = {
			isa = PBXTargetDependency;
			target = D0A5EF741ACA59DE00354B7F /* iNhac */;
			targetProxy = D0A5EF8E1ACA59DE00354B7F /* PBXContainerItemProxy */;
		};
/* End PBXTargetDependency section */

/* Begin PBXVariantGroup section */
		D0A5EF811ACA59DE00354B7F /* Main.storyboard */ = {
			isa = PBXVariantGroup;
			children = (
				D0A5EF821ACA59DE00354B7F /* Base */,
			);
			name = Main.storyboard;
			sourceTree = "<group>";
		};
		D0A5EF861ACA59DE00354B7F /* LaunchScreen.xib */ = {
			isa = PBXVariantGroup;
			children = (
				D0A5EF871ACA59DE00354B7F /* Base */,
			);
			name = LaunchScreen.xib;
			sourceTree = "<group>";
		};
/* End PBXVariantGroup section */

/* Begin XCBuildConfiguration section */
		D0A5EF951ACA59DE00354B7F /* Debug */ = {
			isa = XCBuildConfiguration;
			buildSettings = {
				ALWAYS_SEARCH_USER_PATHS = NO;
				CLANG_CXX_LANGUAGE_STANDARD = "gnu++0x";
				CLANG_CXX_LIBRARY = "libc++";
				CLANG_ENABLE_MODULES = YES;
				CLANG_ENABLE_OBJC_ARC = YES;
				CLANG_WARN_BOOL_CONVERSION = YES;
				CLANG_WARN_CONSTANT_CONVERSION = YES;
				CLANG_WARN_DIRECT_OBJC_ISA_USAGE = YES_ERROR;
				CLANG_WARN_EMPTY_BODY = YES;
				CLANG_WARN_ENUM_CONVERSION = YES;
				CLANG_WARN_INT_CONVERSION = YES;
				CLANG_WARN_OBJC_ROOT_CLASS = YES_ERROR;
				CLANG_WARN_UNREACHABLE_CODE = YES;
				CLANG_WARN__DUPLICATE_METHOD_MATCH = YES;
				"CODE_SIGN_IDENTITY[sdk=iphoneos*]" = "iPhone Developer";
				COPY_PHASE_STRIP = NO;
				ENABLE_STRICT_OBJC_MSGSEND = YES;
				GCC_C_LANGUAGE_STANDARD = gnu99;
				GCC_DYNAMIC_NO_PIC = NO;
				GCC_OPTIMIZATION_LEVEL = 0;
				GCC_PREPROCESSOR_DEFINITIONS = (
					"DEBUG=1",
					"$(inherited)",
				);
				GCC_SYMBOLS_PRIVATE_EXTERN = NO;
				GCC_WARN_64_TO_32_BIT_CONVERSION = YES;
				GCC_WARN_ABOUT_RETURN_TYPE = YES_ERROR;
				GCC_WARN_UNDECLARED_SELECTOR = YES;
				GCC_WARN_UNINITIALIZED_AUTOS = YES_AGGRESSIVE;
				GCC_WARN_UNUSED_FUNCTION = YES;
				GCC_WARN_UNUSED_VARIABLE = YES;
				IPHONEOS_DEPLOYMENT_TARGET = 8.2;
				MTL_ENABLE_DEBUG_INFO = YES;
				ONLY_ACTIVE_ARCH = YES;
				SDKROOT = iphoneos;
				SWIFT_OPTIMIZATION_LEVEL = "-Onone";
			};
			name = Debug;
		};
		D0A5EF961ACA59DE00354B7F /* Release */ = {
			isa = XCBuildConfiguration;
			buildSettings = {
				ALWAYS_SEARCH_USER_PATHS = NO;
				CLANG_CXX_LANGUAGE_STANDARD = "gnu++0x";
				CLANG_CXX_LIBRARY = "libc++";
				CLANG_ENABLE_MODULES = YES;
				CLANG_ENABLE_OBJC_ARC = YES;
				CLANG_WARN_BOOL_CONVERSION = YES;
				CLANG_WARN_CONSTANT_CONVERSION = YES;
				CLANG_WARN_DIRECT_OBJC_ISA_USAGE = YES_ERROR;
				CLANG_WARN_EMPTY_BODY = YES;
				CLANG_WARN_ENUM_CONVERSION = YES;
				CLANG_WARN_INT_CONVERSION = YES;
				CLANG_WARN_OBJC_ROOT_CLASS = YES_ERROR;
				CLANG_WARN_UNREACHABLE_CODE = YES;
				CLANG_WARN__DUPLICATE_METHOD_MATCH = YES;
				"CODE_SIGN_IDENTITY[sdk=iphoneos*]" = "iPhone Developer";
				COPY_PHASE_STRIP = NO;
				ENABLE_NS_ASSERTIONS = NO;
				ENABLE_STRICT_OBJC_MSGSEND = YES;
				GCC_C_LANGUAGE_STANDARD = gnu99;
				GCC_WARN_64_TO_32_BIT_CONVERSION = YES;
				GCC_WARN_ABOUT_RETURN_TYPE = YES_ERROR;
				GCC_WARN_UNDECLARED_SELECTOR = YES;
				GCC_WARN_UNINITIALIZED_AUTOS = YES_AGGRESSIVE;
				GCC_WARN_UNUSED_FUNCTION = YES;
				GCC_WARN_UNUSED_VARIABLE = YES;
				IPHONEOS_DEPLOYMENT_TARGET = 8.2;
				MTL_ENABLE_DEBUG_INFO = NO;
				SDKROOT = iphoneos;
				VALIDATE_PRODUCT = YES;
			};
			name = Release;
		};
		D0A5EF981ACA59DE00354B7F /* Debug */ = {
			isa = XCBuildConfiguration;
			buildSettings = {
				ASSETCATALOG_COMPILER_APPICON_NAME = AppIcon;
				CODE_SIGN_IDENTITY = "iPhone Developer";
				"CODE_SIGN_IDENTITY[sdk=iphoneos*]" = "iPhone Developer";
				INFOPLIST_FILE = iNhac/Info.plist;
				IPHONEOS_DEPLOYMENT_TARGET = 8.0;
				LD_RUNPATH_SEARCH_PATHS = "$(inherited) @executable_path/Frameworks";
				PRODUCT_NAME = "$(TARGET_NAME)";
				PROVISIONING_PROFILE = "";
				SWIFT_OBJC_BRIDGING_HEADER = "iNhac/iNhac-Bridging-Header.h";
				"SWIFT_OBJC_BRIDGING_HEADER[arch=*]" = "iNhac/iNhac-Bridging-Header.h";
			};
			name = Debug;
		};
		D0A5EF991ACA59DE00354B7F /* Release */ = {
			isa = XCBuildConfiguration;
			buildSettings = {
				ASSETCATALOG_COMPILER_APPICON_NAME = AppIcon;
				CODE_SIGN_IDENTITY = "iPhone Developer";
				"CODE_SIGN_IDENTITY[sdk=iphoneos*]" = "iPhone Developer";
				INFOPLIST_FILE = iNhac/Info.plist;
				IPHONEOS_DEPLOYMENT_TARGET = 8.0;
				LD_RUNPATH_SEARCH_PATHS = "$(inherited) @executable_path/Frameworks";
				PRODUCT_NAME = "$(TARGET_NAME)";
				PROVISIONING_PROFILE = "";
				SWIFT_OBJC_BRIDGING_HEADER = "iNhac/iNhac-Bridging-Header.h";
			};
			name = Release;
		};
		D0A5EF9B1ACA59DE00354B7F /* Debug */ = {
			isa = XCBuildConfiguration;
			buildSettings = {
				BUNDLE_LOADER = "$(TEST_HOST)";
				FRAMEWORK_SEARCH_PATHS = (
					"$(SDKROOT)/Developer/Library/Frameworks",
					"$(inherited)",
				);
				GCC_PREPROCESSOR_DEFINITIONS = (
					"DEBUG=1",
					"$(inherited)",
				);
				INFOPLIST_FILE = iNhacTests/Info.plist;
				LD_RUNPATH_SEARCH_PATHS = "$(inherited) @executable_path/Frameworks @loader_path/Frameworks";
				PRODUCT_NAME = "$(TARGET_NAME)";
				TEST_HOST = "$(BUILT_PRODUCTS_DIR)/iNhac.app/iNhac";
			};
			name = Debug;
		};
		D0A5EF9C1ACA59DE00354B7F /* Release */ = {
			isa = XCBuildConfiguration;
			buildSettings = {
				BUNDLE_LOADER = "$(TEST_HOST)";
				FRAMEWORK_SEARCH_PATHS = (
					"$(SDKROOT)/Developer/Library/Frameworks",
					"$(inherited)",
				);
				INFOPLIST_FILE = iNhacTests/Info.plist;
				LD_RUNPATH_SEARCH_PATHS = "$(inherited) @executable_path/Frameworks @loader_path/Frameworks";
				PRODUCT_NAME = "$(TARGET_NAME)";
				TEST_HOST = "$(BUILT_PRODUCTS_DIR)/iNhac.app/iNhac";
			};
			name = Release;
		};
/* End XCBuildConfiguration section */

/* Begin XCConfigurationList section */
		D0A5EF701ACA59DE00354B7F /* Build configuration list for PBXProject "iNhac" */ = {
			isa = XCConfigurationList;
			buildConfigurations = (
				D0A5EF951ACA59DE00354B7F /* Debug */,
				D0A5EF961ACA59DE00354B7F /* Release */,
			);
			defaultConfigurationIsVisible = 0;
			defaultConfigurationName = Release;
		};
		D0A5EF971ACA59DE00354B7F /* Build configuration list for PBXNativeTarget "iNhac" */ = {
			isa = XCConfigurationList;
			buildConfigurations = (
				D0A5EF981ACA59DE00354B7F /* Debug */,
				D0A5EF991ACA59DE00354B7F /* Release */,
			);
			defaultConfigurationIsVisible = 0;
			defaultConfigurationName = Release;
		};
		D0A5EF9A1ACA59DE00354B7F /* Build configuration list for PBXNativeTarget "iNhacTests" */ = {
			isa = XCConfigurationList;
			buildConfigurations = (
				D0A5EF9B1ACA59DE00354B7F /* Debug */,
				D0A5EF9C1ACA59DE00354B7F /* Release */,
			);
			defaultConfigurationIsVisible = 0;
			defaultConfigurationName = Release;
		};
/* End XCConfigurationList section */

/* Begin XCVersionGroup section */
		D0A5EF7C1ACA59DE00354B7F /* iNhac.xcdatamodeld */ = {
			isa = XCVersionGroup;
			children = (
				D0A5EF7D1ACA59DE00354B7F /* iNhac.xcdatamodel */,
			);
			currentVersion = D0A5EF7D1ACA59DE00354B7F /* iNhac.xcdatamodel */;
			path = iNhac.xcdatamodeld;
			sourceTree = "<group>";
			versionGroupType = wrapper.xcdatamodel;
		};
/* End XCVersionGroup section */
	};
	rootObject = D0A5EF6D1ACA59DE00354B7F /* Project object */;
}
